
Microsoft Visual Studio Solution File, Format Version 12.00
# Visual Studio Version 16
VisualStudioVersion = 16.0.28803.452
MinimumVisualStudioVersion = 10.0.40219.1
Project("{FAE04EC0-301F-11D3-BF4B-00C04F79EFBC}") = "Javeriana.UWP", "Javeriana\Javeriana.UWP\Javeriana.UWP.csproj", "{19C3CBDB-1736-4561-9FBD-F8847E4A445A}"
EndProject
Project("{FAE04EC0-301F-11D3-BF4B-00C04F79EFBC}") = "Javeriana.Android", "Javeriana\Javeriana.Android\Javeriana.Android.csproj", "{46636BBE-F006-4500-98F9-7A5FE6B4F5A0}"
EndProject
Project("{FAE04EC0-301F-11D3-BF4B-00C04F79EFBC}") = "Javeriana.iOS", "Javeriana\Javeriana.iOS\Javeriana.iOS.csproj", "{805815A8-355D-4374-9DF7-57A8BAB6E8B5}"
EndProject
Project("{FAE04EC0-301F-11D3-BF4B-00C04F79EFBC}") = "Javeriana", "Javeriana\Javeriana\Javeriana.csproj", "{DE0934F5-11D9-480C-A426-79DDE4203715}"
EndProject
Global
	GlobalSection(SolutionConfigurationPlatforms) = preSolution
		Debug|Any CPU = Debug|Any CPU
		Debug|ARM = Debug|ARM
		Debug|iPhone = Debug|iPhone
		Debug|iPhoneSimulator = Debug|iPhoneSimulator
		Debug|x64 = Debug|x64
		Debug|x86 = Debug|x86
		Release|Any CPU = Release|Any CPU
		Release|ARM = Release|ARM
		Release|iPhone = Release|iPhone
		Release|iPhoneSimulator = Release|iPhoneSimulator
		Release|x64 = Release|x64
		Release|x86 = Release|x86
	EndGlobalSection
	GlobalSection(ProjectConfigurationPlatforms) = postSolution
		{19C3CBDB-1736-4561-9FBD-F8847E4A445A}.Debug|Any CPU.ActiveCfg = Debug|x86
		{19C3CBDB-1736-4561-9FBD-F8847E4A445A}.Debug|Any CPU.Build.0 = Debug|x86
		{19C3CBDB-1736-4561-9FBD-F8847E4A445A}.Debug|Any CPU.Deploy.0 = Debug|x86
		{19C3CBDB-1736-4561-9FBD-F8847E4A445A}.Debug|ARM.ActiveCfg = Debug|ARM
		{19C3CBDB-1736-4561-9FBD-F8847E4A445A}.Debug|ARM.Build.0 = Debug|ARM
		{19C3CBDB-1736-4561-9FBD-F8847E4A445A}.Debug|ARM.Deploy.0 = Debug|ARM
		{19C3CBDB-1736-4561-9FBD-F8847E4A445A}.Debug|iPhone.ActiveCfg = Debug|x86
		{19C3CBDB-1736-4561-9FBD-F8847E4A445A}.Debug|iPhone.Build.0 = Debug|x86
		{19C3CBDB-1736-4561-9FBD-F8847E4A445A}.Debug|iPhone.Deploy.0 = Debug|x86
		{19C3CBDB-1736-4561-9FBD-F8847E4A445A}.Debug|iPhoneSimulator.ActiveCfg = Debug|x86
		{19C3CBDB-1736-4561-9FBD-F8847E4A445A}.Debug|iPhoneSimulator.Build.0 = Debug|x86
		{19C3CBDB-1736-4561-9FBD-F8847E4A445A}.Debug|iPhoneSimulator.Deploy.0 = Debug|x86
		{19C3CBDB-1736-4561-9FBD-F8847E4A445A}.Debug|x64.ActiveCfg = Debug|x64
		{19C3CBDB-1736-4561-9FBD-F8847E4A445A}.Debug|x64.Build.0 = Debug|x64
		{19C3CBDB-1736-4561-9FBD-F8847E4A445A}.Debug|x64.Deploy.0 = Debug|x64
		{19C3CBDB-1736-4561-9FBD-F8847E4A445A}.Debug|x86.ActiveCfg = Debug|x86
		{19C3CBDB-1736-4561-9FBD-F8847E4A445A}.Debug|x86.Build.0 = Debug|x86
		{19C3CBDB-1736-4561-9FBD-F8847E4A445A}.Debug|x86.Deploy.0 = Debug|x86
		{19C3CBDB-1736-4561-9FBD-F8847E4A445A}.Release|Any CPU.ActiveCfg = Release|x86
		{19C3CBDB-1736-4561-9FBD-F8847E4A445A}.Release|Any CPU.Build.0 = Release|x86
		{19C3CBDB-1736-4561-9FBD-F8847E4A445A}.Release|Any CPU.Deploy.0 = Release|x86
		{19C3CBDB-1736-4561-9FBD-F8847E4A445A}.Release|ARM.ActiveCfg = Release|ARM
		{19C3CBDB-1736-4561-9FBD-F8847E4A445A}.Release|ARM.Build.0 = Release|ARM
		{19C3CBDB-1736-4561-9FBD-F8847E4A445A}.Release|ARM.Deploy.0 = Release|ARM
		{19C3CBDB-1736-4561-9FBD-F8847E4A445A}.Release|iPhone.ActiveCfg = Release|x86
		{19C3CBDB-1736-4561-9FBD-F8847E4A445A}.Release|iPhone.Build.0 = Release|x86
		{19C3CBDB-1736-4561-9FBD-F8847E4A445A}.Release|iPhone.Deploy.0 = Release|x86
		{19C3CBDB-1736-4561-9FBD-F8847E4A445A}.Release|iPhoneSimulator.ActiveCfg = Release|x86
		{19C3CBDB-1736-4561-9FBD-F8847E4A445A}.Release|iPhoneSimulator.Build.0 = Release|x86
		{19C3CBDB-1736-4561-9FBD-F8847E4A445A}.Release|iPhoneSimulator.Deploy.0 = Release|x86
		{19C3CBDB-1736-4561-9FBD-F8847E4A445A}.Release|x64.ActiveCfg = Release|x64
		{19C3CBDB-1736-4561-9FBD-F8847E4A445A}.Release|x64.Build.0 = Release|x64
		{19C3CBDB-1736-4561-9FBD-F8847E4A445A}.Release|x64.Deploy.0 = Release|x64
		{19C3CBDB-1736-4561-9FBD-F8847E4A445A}.Release|x86.ActiveCfg = Release|x86
		{19C3CBDB-1736-4561-9FBD-F8847E4A445A}.Release|x86.Build.0 = Release|x86
		{19C3CBDB-1736-4561-9FBD-F8847E4A445A}.Release|x86.Deploy.0 = Release|x86
		{46636BBE-F006-4500-98F9-7A5FE6B4F5A0}.Debug|Any CPU.ActiveCfg = Debug|Any CPU
		{46636BBE-F006-4500-98F9-7A5FE6B4F5A0}.Debug|Any CPU.Build.0 = Debug|Any CPU
		{46636BBE-F006-4500-98F9-7A5FE6B4F5A0}.Debug|Any CPU.Deploy.0 = Debug|Any CPU
		{46636BBE-F006-4500-98F9-7A5FE6B4F5A0}.Debug|ARM.ActiveCfg = Debug|Any CPU
		{46636BBE-F006-4500-98F9-7A5FE6B4F5A0}.Debug|ARM.Build.0 = Debug|Any CPU
		{46636BBE-F006-4500-98F9-7A5FE6B4F5A0}.Debug|ARM.Deploy.0 = Debug|Any CPU
		{46636BBE-F006-4500-98F9-7A5FE6B4F5A0}.Debug|iPhone.ActiveCfg = Debug|Any CPU
		{46636BBE-F006-4500-98F9-7A5FE6B4F5A0}.Debug|iPhone.Build.0 = Debug|Any CPU
		{46636BBE-F006-4500-98F9-7A5FE6B4F5A0}.Debug|iPhone.Deploy.0 = Debug|Any CPU
		{46636BBE-F006-4500-98F9-7A5FE6B4F5A0}.Debug|iPhoneSimulator.ActiveCfg = Debug|Any CPU
		{46636BBE-F006-4500-98F9-7A5FE6B4F5A0}.Debug|iPhoneSimulator.Build.0 = Debug|Any CPU
		{46636BBE-F006-4500-98F9-7A5FE6B4F5A0}.Debug|iPhoneSimulator.Deploy.0 = Debug|Any CPU
		{46636BBE-F006-4500-98F9-7A5FE6B4F5A0}.Debug|x64.ActiveCfg = Debug|Any CPU
		{46636BBE-F006-4500-98F9-7A5FE6B4F5A0}.Debug|x64.Build.0 = Debug|Any CPU
		{46636BBE-F006-4500-98F9-7A5FE6B4F5A0}.Debug|x64.Deploy.0 = Debug|Any CPU
		{46636BBE-F006-4500-98F9-7A5FE6B4F5A0}.Debug|x86.ActiveCfg = Debug|Any CPU
		{46636BBE-F006-4500-98F9-7A5FE6B4F5A0}.Debug|x86.Build.0 = Debug|Any CPU
		{46636BBE-F006-4500-98F9-7A5FE6B4F5A0}.Debug|x86.Deploy.0 = Debug|Any CPU
		{46636BBE-F006-4500-98F9-7A5FE6B4F5A0}.Release|Any CPU.ActiveCfg = Release|Any CPU
		{46636BBE-F006-4500-98F9-7A5FE6B4F5A0}.Release|Any CPU.Build.0 = Release|Any CPU
		{46636BBE-F006-4500-98F9-7A5FE6B4F5A0}.Release|Any CPU.Deploy.0 = Release|Any CPU
		{46636BBE-F006-4500-98F9-7A5FE6B4F5A0}.Release|ARM.ActiveCfg = Release|Any CPU
		{46636BBE-F006-4500-98F9-7A5FE6B4F5A0}.Release|ARM.Build.0 = Release|Any CPU
		{46636BBE-F006-4500-98F9-7A5FE6B4F5A0}.Release|ARM.Deploy.0 = Release|Any CPU
		{46636BBE-F006-4500-98F9-7A5FE6B4F5A0}.Release|iPhone.ActiveCfg = Release|Any CPU
		{46636BBE-F006-4500-98F9-7A5FE6B4F5A0}.Release|iPhone.Build.0 = Release|Any CPU
		{46636BBE-F006-4500-98F9-7A5FE6B4F5A0}.Release|iPhone.Deploy.0 = Release|Any CPU
		{46636BBE-F006-4500-98F9-7A5FE6B4F5A0}.Release|iPhoneSimulator.ActiveCfg = Release|Any CPU
		{46636BBE-F006-4500-98F9-7A5FE6B4F5A0}.Release|iPhoneSimulator.Build.0 = Release|Any CPU
		{46636BBE-F006-4500-98F9-7A5FE6B4F5A0}.Release|iPhoneSimulator.Deploy.0 = Release|Any CPU
		{46636BBE-F006-4500-98F9-7A5FE6B4F5A0}.Release|x64.ActiveCfg = Release|Any CPU
		{46636BBE-F006-4500-98F9-7A5FE6B4F5A0}.Release|x64.Build.0 = Release|Any CPU
		{46636BBE-F006-4500-98F9-7A5FE6B4F5A0}.Release|x64.Deploy.0 = Release|Any CPU
		{46636BBE-F006-4500-98F9-7A5FE6B4F5A0}.Release|x86.ActiveCfg = Release|Any CPU
		{46636BBE-F006-4500-98F9-7A5FE6B4F5A0}.Release|x86.Build.0 = Release|Any CPU
		{46636BBE-F006-4500-98F9-7A5FE6B4F5A0}.Release|x86.Deploy.0 = Release|Any CPU
		{805815A8-355D-4374-9DF7-57A8BAB6E8B5}.Debug|Any CPU.ActiveCfg = Debug|iPhone
		{805815A8-355D-4374-9DF7-57A8BAB6E8B5}.Debug|Any CPU.Build.0 = Debug|iPhone
		{805815A8-355D-4374-9DF7-57A8BAB6E8B5}.Debug|Any CPU.Deploy.0 = Debug|iPhone
		{805815A8-355D-4374-9DF7-57A8BAB6E8B5}.Debug|ARM.ActiveCfg = Debug|iPhoneSimulator
		{805815A8-355D-4374-9DF7-57A8BAB6E8B5}.Debug|ARM.Build.0 = Debug|iPhoneSimulator
		{805815A8-355D-4374-9DF7-57A8BAB6E8B5}.Debug|ARM.Deploy.0 = Debug|iPhoneSimulator
		{805815A8-355D-4374-9DF7-57A8BAB6E8B5}.Debug|iPhone.ActiveCfg = Debug|iPhone
		{805815A8-355D-4374-9DF7-57A8BAB6E8B5}.Debug|iPhone.Build.0 = Debug|iPhone
		{805815A8-355D-4374-9DF7-57A8BAB6E8B5}.Debug|iPhone.Deploy.0 = Debug|iPhone
		{805815A8-355D-4374-9DF7-57A8BAB6E8B5}.Debug|iPhoneSimulator.ActiveCfg = Debug|iPhoneSimulator
		{805815A8-355D-4374-9DF7-57A8BAB6E8B5}.Debug|iPhoneSimulator.Build.0 = Debug|iPhoneSimulator
		{805815A8-355D-4374-9DF7-57A8BAB6E8B5}.Debug|iPhoneSimulator.Deploy.0 = Debug|iPhoneSimulator
		{805815A8-355D-4374-9DF7-57A8BAB6E8B5}.Debug|x64.ActiveCfg = Debug|iPhone
		{805815A8-355D-4374-9DF7-57A8BAB6E8B5}.Debug|x64.Build.0 = Debug|iPhone
		{805815A8-355D-4374-9DF7-57A8BAB6E8B5}.Debug|x64.Deploy.0 = Debug|iPhone
		{805815A8-355D-4374-9DF7-57A8BAB6E8B5}.Debug|x86.ActiveCfg = Debug|iPhone
		{805815A8-355D-4374-9DF7-57A8BAB6E8B5}.Debug|x86.Build.0 = Debug|iPhone
		{805815A8-355D-4374-9DF7-57A8BAB6E8B5}.Debug|x86.Deploy.0 = Debug|iPhone
		{805815A8-355D-4374-9DF7-57A8BAB6E8B5}.Release|Any CPU.ActiveCfg = Release|iPhone
		{805815A8-355D-4374-9DF7-57A8BAB6E8B5}.Release|Any CPU.Build.0 = Release|iPhone
		{805815A8-355D-4374-9DF7-57A8BAB6E8B5}.Release|Any CPU.Deploy.0 = Release|iPhone
		{805815A8-355D-4374-9DF7-57A8BAB6E8B5}.Release|ARM.ActiveCfg = Release|iPhone
		{805815A8-355D-4374-9DF7-57A8BAB6E8B5}.Release|ARM.Build.0 = Release|iPhone
		{805815A8-355D-4374-9DF7-57A8BAB6E8B5}.Release|ARM.Deploy.0 = Release|iPhone
		{805815A8-355D-4374-9DF7-57A8BAB6E8B5}.Release|iPhone.ActiveCfg = Release|iPhone
		{805815A8-355D-4374-9DF7-57A8BAB6E8B5}.Release|iPhone.Build.0 = Release|iPhone
		{805815A8-355D-4374-9DF7-57A8BAB6E8B5}.Release|iPhone.Deploy.0 = Release|iPhone
		{805815A8-355D-4374-9DF7-57A8BAB6E8B5}.Release|iPhoneSimulator.ActiveCfg = Release|iPhoneSimulator
		{805815A8-355D-4374-9DF7-57A8BAB6E8B5}.Release|iPhoneSimulator.Build.0 = Release|iPhoneSimulator
		{805815A8-355D-4374-9DF7-57A8BAB6E8B5}.Release|iPhoneSimulator.Deploy.0 = Release|iPhoneSimulator
		{805815A8-355D-4374-9DF7-57A8BAB6E8B5}.Release|x64.ActiveCfg = Release|iPhone
		{805815A8-355D-4374-9DF7-57A8BAB6E8B5}.Release|x64.Build.0 = Release|iPhone
		{805815A8-355D-4374-9DF7-57A8BAB6E8B5}.Release|x64.Deploy.0 = Release|iPhone
		{805815A8-355D-4374-9DF7-57A8BAB6E8B5}.Release|x86.ActiveCfg = Release|iPhone
		{805815A8-355D-4374-9DF7-57A8BAB6E8B5}.Release|x86.Build.0 = Release|iPhone
		{805815A8-355D-4374-9DF7-57A8BAB6E8B5}.Release|x86.Deploy.0 = Release|iPhone
		{DE0934F5-11D9-480C-A426-79DDE4203715}.Debug|Any CPU.ActiveCfg = Debug|Any CPU
		{DE0934F5-11D9-480C-A426-79DDE4203715}.Debug|Any CPU.Build.0 = Debug|Any CPU
		{DE0934F5-11D9-480C-A426-79DDE4203715}.Debug|Any CPU.Deploy.0 = Debug|Any CPU
		{DE0934F5-11D9-480C-A426-79DDE4203715}.Debug|ARM.ActiveCfg = Debug|Any CPU
		{DE0934F5-11D9-480C-A426-79DDE4203715}.Debug|ARM.Build.0 = Debug|Any CPU
		{DE0934F5-11D9-480C-A426-79DDE4203715}.Debug|ARM.Deploy.0 = Debug|Any CPU
		{DE0934F5-11D9-480C-A426-79DDE4203715}.Debug|iPhone.ActiveCfg = Debug|Any CPU
		{DE0934F5-11D9-480C-A426-79DDE4203715}.Debug|iPhone.Build.0 = Debug|Any CPU
		{DE0934F5-11D9-480C-A426-79DDE4203715}.Debug|iPhone.Deploy.0 = Debug|Any CPU
		{DE0934F5-11D9-480C-A426-79DDE4203715}.Debug|iPhoneSimulator.ActiveCfg = Debug|Any CPU
		{DE0934F5-11D9-480C-A426-79DDE4203715}.Debug|iPhoneSimulator.Build.0 = Debug|Any CPU
		{DE0934F5-11D9-480C-A426-79DDE4203715}.Debug|iPhoneSimulator.Deploy.0 = Debug|Any CPU
		{DE0934F5-11D9-480C-A426-79DDE4203715}.Debug|x64.ActiveCfg = Debug|Any CPU
		{DE0934F5-11D9-480C-A426-79DDE4203715}.Debug|x64.Build.0 = Debug|Any CPU
		{DE0934F5-11D9-480C-A426-79DDE4203715}.Debug|x64.Deploy.0 = Debug|Any CPU
		{DE0934F5-11D9-480C-A426-79DDE4203715}.Debug|x86.ActiveCfg = Debug|Any CPU
		{DE0934F5-11D9-480C-A426-79DDE4203715}.Debug|x86.Build.0 = Debug|Any CPU
		{DE0934F5-11D9-480C-A426-79DDE4203715}.Debug|x86.Deploy.0 = Debug|Any CPU
		{DE0934F5-11D9-480C-A426-79DDE4203715}.Release|Any CPU.ActiveCfg = Release|Any CPU
		{DE0934F5-11D9-480C-A426-79DDE4203715}.Release|Any CPU.Build.0 = Release|Any CPU
		{DE0934F5-11D9-480C-A426-79DDE4203715}.Release|Any CPU.Deploy.0 = Release|Any CPU
		{DE0934F5-11D9-480C-A426-79DDE4203715}.Release|ARM.ActiveCfg = Release|Any CPU
		{DE0934F5-11D9-480C-A426-79DDE4203715}.Release|ARM.Build.0 = Release|Any CPU
		{DE0934F5-11D9-480C-A426-79DDE4203715}.Release|ARM.Deploy.0 = Release|Any CPU
		{DE0934F5-11D9-480C-A426-79DDE4203715}.Release|iPhone.ActiveCfg = Release|Any CPU
		{DE0934F5-11D9-480C-A426-79DDE4203715}.Release|iPhone.Build.0 = Release|Any CPU
		{DE0934F5-11D9-480C-A426-79DDE4203715}.Release|iPhone.Deploy.0 = Release|Any CPU
		{DE0934F5-11D9-480C-A426-79DDE4203715}.Release|iPhoneSimulator.ActiveCfg = Release|Any CPU
		{DE0934F5-11D9-480C-A426-79DDE4203715}.Release|iPhoneSimulator.Build.0 = Release|Any CPU
		{DE0934F5-11D9-480C-A426-79DDE4203715}.Release|iPhoneSimulator.Deploy.0 = Release|Any CPU
		{DE0934F5-11D9-480C-A426-79DDE4203715}.Release|x64.ActiveCfg = Release|Any CPU
		{DE0934F5-11D9-480C-A426-79DDE4203715}.Release|x64.Build.0 = Release|Any CPU
		{DE0934F5-11D9-480C-A426-79DDE4203715}.Release|x64.Deploy.0 = Release|Any CPU
		{DE0934F5-11D9-480C-A426-79DDE4203715}.Release|x86.ActiveCfg = Release|Any CPU
		{DE0934F5-11D9-480C-A426-79DDE4203715}.Release|x86.Build.0 = Release|Any CPU
		{DE0934F5-11D9-480C-A426-79DDE4203715}.Release|x86.Deploy.0 = Release|Any CPU
	EndGlobalSection
	GlobalSection(SolutionProperties) = preSolution
		HideSolutionNode = FALSE
	EndGlobalSection
	GlobalSection(ExtensibilityGlobals) = postSolution
		SolutionGuid = {D6EC6C6F-568C-4BBC-A1E7-168D34ED06BB}
	EndGlobalSection
EndGlobal
